
Microsoft Visual Studio Solution File, Format Version 12.00
# Visual Studio 14
VisualStudioVersion = 14.0.24720.0
MinimumVisualStudioVersion = 10.0.40219.1
Project("{FAE04EC0-301F-11D3-BF4B-00C04F79EFBC}") = "SpyMsBuild.Empty", "SpyMsBuild.Empty.csproj", "{D2C3C4EE-BF7A-47E3-BF65-5C7B76B987C0}"
EndProject
Global
	GlobalSection(SolutionConfigurationPlatforms) = preSolution
		Debug|Any CPU = Debug|Any CPU
		Release|Any CPU = Release|Any CPU
	EndGlobalSection
	GlobalSection(ProjectConfigurationPlatforms) = postSolution
		{D2C3C4EE-BF7A-47E3-BF65-5C7B76B987C0}.Debug|Any CPU.ActiveCfg = Debug|Any CPU
		{D2C3C4EE-BF7A-47E3-BF65-5C7B76B987C0}.Debug|Any CPU.Build.0 = Debug|Any CPU
		{D2C3C4EE-BF7A-47E3-BF65-5C7B76B987C0}.Release|Any CPU.ActiveCfg = Release|Any CPU
		{D2C3C4EE-BF7A-47E3-BF65-5C7B76B987C0}.Release|Any CPU.Build.0 = Release|Any CPU
	EndGlobalSection
	GlobalSection(SolutionProperties) = preSolution
		HideSolutionNode = FALSE
	EndGlobalSection
EndGlobal
