
Microsoft Visual Studio Solution File, Format Version 12.00
# Visual Studio 14
VisualStudioVersion = 14.0.24720.0
MinimumVisualStudioVersion = 10.0.40219.1
Project("{2150E333-8FDC-42A3-9474-1A3956D46DE8}") = "MsBuild", "MsBuild", "{35643E45-B7FF-4F8C-B15F-F5FC5FA00DCD}"
	ProjectSection(SolutionItems) = preProject
		ReadMe.md = ReadMe.md
	EndProjectSection
EndProject
Project("{2150E333-8FDC-42A3-9474-1A3956D46DE8}") = ".vcxproj", ".vcxproj", "{5E272E97-DE86-468C-B6EC-7B21C1DBC35A}"
	ProjectSection(SolutionItems) = preProject
		Templates\Import.Template.vcxproj = Templates\Import.Template.vcxproj
	EndProjectSection
EndProject
Project("{2150E333-8FDC-42A3-9474-1A3956D46DE8}") = "Props", "Props", "{571BF389-BF37-44DD-956F-D035105FA921}"
	ProjectSection(SolutionItems) = preProject
		Cpp.BuildLog.props = Cpp.BuildLog.props
		Cpp.OutDir.props = Cpp.OutDir.props
	EndProjectSection
EndProject
Project("{2150E333-8FDC-42A3-9474-1A3956D46DE8}") = "Targets", "Targets", "{6C3CB8AB-FAEB-4623-8EB4-9F6E38B48E7D}"
	ProjectSection(SolutionItems) = preProject
		Cpp.Utility.Base.targets = Cpp.Utility.Base.targets
		Cpp.Utility.Import.targets = Cpp.Utility.Import.targets
		Export.targets = Export.targets
	EndProjectSection
EndProject
Global
	GlobalSection(SolutionProperties) = preSolution
		HideSolutionNode = FALSE
	EndGlobalSection
	GlobalSection(NestedProjects) = preSolution
		{5E272E97-DE86-468C-B6EC-7B21C1DBC35A} = {35643E45-B7FF-4F8C-B15F-F5FC5FA00DCD}
		{571BF389-BF37-44DD-956F-D035105FA921} = {35643E45-B7FF-4F8C-B15F-F5FC5FA00DCD}
		{6C3CB8AB-FAEB-4623-8EB4-9F6E38B48E7D} = {35643E45-B7FF-4F8C-B15F-F5FC5FA00DCD}
	EndGlobalSection
EndGlobal
