
Microsoft Visual Studio Solution File, Format Version 12.00
# Visual Studio 14
VisualStudioVersion = 14.0.24720.0
MinimumVisualStudioVersion = 10.0.40219.1
Project("{2150E333-8FDC-42A3-9474-1A3956D46DE8}") = "Samples", "Samples", "{C7F85CE4-410E-463F-9F66-FDD004A51A08}"
EndProject
Project("{2150E333-8FDC-42A3-9474-1A3956D46DE8}") = "InteropProxy", "InteropProxy", "{6584C19F-4D40-48E8-91E9-4FA10440E185}"
	ProjectSection(SolutionItems) = preProject
		..\..\..\Cresus.Tools\sync\Activation\Net\Engine\Activation.Engine.csproj = ..\..\..\Cresus.Tools\sync\Activation\Net\Engine\Activation.Engine.csproj
		..\Bcx\Net\Test\Bcx.Test.csproj = ..\Bcx\Net\Test\Bcx.Test.csproj
		..\..\..\Cresus.Tools\sync\libcreact\libcreact.iproxy.vcxproj = ..\..\..\Cresus.Tools\sync\libcreact\libcreact.iproxy.vcxproj
		..\Bcx\Native\Wipc\Wipc.iproxy.vcxproj = ..\Bcx\Native\Wipc\Wipc.iproxy.vcxproj
	EndProjectSection
EndProject
Project("{2150E333-8FDC-42A3-9474-1A3956D46DE8}") = "Import", "Import", "{A9ECA5A3-9B60-4D64-8E04-E9FE6D30DCA6}"
	ProjectSection(SolutionItems) = preProject
		..\..\fact\fact\fact.imports.vcxproj = ..\..\fact\fact\fact.imports.vcxproj
		..\sal\Salaires.Imports.vcxproj = ..\sal\Salaires.Imports.vcxproj
	EndProjectSection
EndProject
Project("{2150E333-8FDC-42A3-9474-1A3956D46DE8}") = "Pack.Cpp", "Pack.Cpp", "{EA11BBB0-7BE9-4515-BCBC-2936CD54A398}"
	ProjectSection(SolutionItems) = preProject
		..\..\fact\fact\fact.pack.vcxproj = ..\..\fact\fact\fact.pack.vcxproj
		..\..\fact\fact\fact.prepack.vcxproj = ..\..\fact\fact\fact.prepack.vcxproj
		..\sal\Salaires.Pack.vcxproj = ..\sal\Salaires.Pack.vcxproj
		..\sal\Salaires.Prepack.vcxproj = ..\sal\Salaires.Prepack.vcxproj
	EndProjectSection
EndProject
Project("{2150E333-8FDC-42A3-9474-1A3956D46DE8}") = "Pack.Cs", "Pack.Cs", "{98C031C5-1B74-4038-8572-4FE3942508B4}"
	ProjectSection(SolutionItems) = preProject
		..\swissdec\Net\Swissdec.Pack.vcxproj = ..\swissdec\Net\Swissdec.Pack.vcxproj
		..\swissdec\Net\Swissdec.Prepack.vcxproj = ..\swissdec\Net\Swissdec.Prepack.vcxproj
		..\..\..\Cresus.Tools\sync\Sync\Net\Server\Sync.Server.Pack.vcxproj = ..\..\..\Cresus.Tools\sync\Sync\Net\Server\Sync.Server.Pack.vcxproj
		..\..\..\Cresus.Tools\sync\Sync\Net\Server\Sync.Server.Prepack.vcxproj = ..\..\..\Cresus.Tools\sync\Sync\Net\Server\Sync.Server.Prepack.vcxproj
		Tasks\Tasks.Pack.vcxproj = Tasks\Tasks.Pack.vcxproj
		Tasks\Tasks.Prepack.vcxproj = Tasks\Tasks.Prepack.vcxproj
	EndProjectSection
EndProject
Project("{2150E333-8FDC-42A3-9474-1A3956D46DE8}") = "Cpp.Std", "Cpp.Std", "{E8FCCDCF-596C-479B-9FB7-924C7FEC8815}"
	ProjectSection(SolutionItems) = preProject
		..\libefx\Efx.vcxproj = ..\libefx\Efx.vcxproj
	EndProjectSection
EndProject
Project("{2150E333-8FDC-42A3-9474-1A3956D46DE8}") = "zou", "zou", "{B7610C02-E722-41E4-BF44-0E7A7D19B54A}"
	ProjectSection(SolutionItems) = preProject
		Com.WorkDir.props = Com.WorkDir.props
		Cpp.Boot.props = Cpp.Boot.props
		Cpp.DbgDir.props = Cpp.DbgDir.props
		Cpp.DbgSettings.props = Cpp.DbgSettings.props
		Cpp.IncludeDirs.props = Cpp.IncludeDirs.props
		Cpp.IntDir.InteropProxy.props = Cpp.IntDir.InteropProxy.props
		Cpp.IntDir.props = Cpp.IntDir.props
		Cpp.NTVersion.props = Cpp.NTVersion.props
		Cpp.OutDir.InteropProxy.props = Cpp.OutDir.InteropProxy.props
		Cpp.OutDir.props = Cpp.OutDir.props
		Cpp.PkgDir.props = Cpp.PkgDir.props
		Cpp.PlatformToolset.props = Cpp.PlatformToolset.props
		Cpp.Standard.props = Cpp.Standard.props
		Cpp.Utility.props = Cpp.Utility.props
		Cpp.Utility.targets = Cpp.Utility.targets
		Cs.Boot.props = Cs.Boot.props
		Cs.IntDir.props = Cs.IntDir.props
		Cs.OutDir.props = Cs.OutDir.props
		Cs.PkgDir.props = Cs.PkgDir.props
		Cs.Standard.props = Cs.Standard.props
		Cs.Utility.props = Cs.Utility.props
		Cs.Utility.targets = Cs.Utility.targets
		Import.targets = Import.targets
		ImportFiles.targets = ImportFiles.targets
		ImportProjects.targets = ImportProjects.targets
		InteropProxy.Content.props = InteropProxy.Content.props
		InteropProxy.Default.props = InteropProxy.Default.props
		InteropProxy.Standard.props = InteropProxy.Standard.props
		Pack.targets = Pack.targets
		zou.props = zou.props
	EndProjectSection
EndProject
Project("{2150E333-8FDC-42A3-9474-1A3956D46DE8}") = ".Archives", ".Archives", "{015BC4D5-05EB-4690-B3FF-E74B61024115}"
	ProjectSection(SolutionItems) = preProject
		.Archives\Inline.tasks = .Archives\Inline.tasks
	EndProjectSection
EndProject
Project("{2150E333-8FDC-42A3-9474-1A3956D46DE8}") = ".Documentation", ".Documentation", "{D430DB9C-C6F3-41F9-8E7C-F24EBC8EDBDF}"
	ProjectSection(SolutionItems) = preProject
		ReadMe.md = ReadMe.md
		.Documentation\Submodules.md = .Documentation\Submodules.md
	EndProjectSection
EndProject
Project("{2150E333-8FDC-42A3-9474-1A3956D46DE8}") = "Pch", "Pch", "{CBAC5A59-385B-4EFE-9F86-FEC1E112B99C}"
	ProjectSection(SolutionItems) = preProject
		pch\stdafx.h = pch\stdafx.h
		pch\targetver.h = pch\targetver.h
	EndProjectSection
EndProject
Project("{2150E333-8FDC-42A3-9474-1A3956D46DE8}") = "Private", "Private", "{43EADCE5-7E94-4CB1-8CA6-A95215143895}"
	ProjectSection(SolutionItems) = preProject
		private\Com.WorkDir.Default.props = private\Com.WorkDir.Default.props
		private\Cpp.DbgDir.Default.props = private\Cpp.DbgDir.Default.props
		private\Cpp.DbgSettings.Default.props = private\Cpp.DbgSettings.Default.props
		private\Cpp.IncludeDirs.Default.props = private\Cpp.IncludeDirs.Default.props
		private\Cpp.IntDir.Default.props = private\Cpp.IntDir.Default.props
		private\Cpp.IntDir.InteropProxy.Default.props = private\Cpp.IntDir.InteropProxy.Default.props
		private\Cpp.NTVersion.Default.props = private\Cpp.NTVersion.Default.props
		private\Cpp.OutDir.Default.props = private\Cpp.OutDir.Default.props
		private\Cpp.OutDir.InteropProxy.Default.props = private\Cpp.OutDir.InteropProxy.Default.props
		private\Cpp.PkgDir.Default.props = private\Cpp.PkgDir.Default.props
		private\Cpp.PlatformToolset.Default.props = private\Cpp.PlatformToolset.Default.props
		private\Cs.IntDir.Default.props = private\Cs.IntDir.Default.props
		private\Cs.OutDir.Default.props = private\Cs.OutDir.Default.props
		private\Cs.PkgDir.Default.props = private\Cs.PkgDir.Default.props
	EndProjectSection
EndProject
Project("{2150E333-8FDC-42A3-9474-1A3956D46DE8}") = "Tasks", "Tasks", "{627C996F-0472-434A-9CEC-8831A6A33A2C}"
	ProjectSection(SolutionItems) = preProject
		Tasks\Zou.tasks = Tasks\Zou.tasks
	EndProjectSection
EndProject
Project("{2150E333-8FDC-42A3-9474-1A3956D46DE8}") = ".Templates", ".Templates", "{CF12DDFE-F258-4E73-8331-CAAE312DC29E}"
EndProject
Project("{2150E333-8FDC-42A3-9474-1A3956D46DE8}") = "props", "props", "{FB1E8808-5B49-485E-8B80-9CC26FBB1E59}"
	ProjectSection(SolutionItems) = preProject
		.Templates\props\Cpp.NTVersion.props = .Templates\props\Cpp.NTVersion.props
		.Templates\props\Cs.CppOutDir.props = .Templates\props\Cs.CppOutDir.props
	EndProjectSection
EndProject
Project("{2150E333-8FDC-42A3-9474-1A3956D46DE8}") = "vcxproj", "vcxproj", "{80B67CFA-B12B-4263-99C6-9F61CE8AF819}"
	ProjectSection(SolutionItems) = preProject
		.Templates\vcxproj\Component.Import.vcxproj = .Templates\vcxproj\Component.Import.vcxproj
		.Templates\vcxproj\Component.Utility.vcxproj = .Templates\vcxproj\Component.Utility.vcxproj
		.Templates\vcxproj\Cpp.Component.Pack.vcxproj = .Templates\vcxproj\Cpp.Component.Pack.vcxproj
		.Templates\vcxproj\Cs.Component.Pack.vcxproj = .Templates\vcxproj\Cs.Component.Pack.vcxproj
		.Templates\vcxproj\CsProj.Component.Prepack.vcxproj = .Templates\vcxproj\CsProj.Component.Prepack.vcxproj
		.Templates\vcxproj\CsSln.Component.Prepack.vcxproj = .Templates\vcxproj\CsSln.Component.Prepack.vcxproj
	EndProjectSection
EndProject
Project("{2150E333-8FDC-42A3-9474-1A3956D46DE8}") = "Test", "Test", "{0DF3F6D9-0217-4C0E-B79C-3D1E67514424}"
	ProjectSection(SolutionItems) = preProject
		Test\Spikes.targets = Test\Spikes.targets
		Test\Test.targets = Test\Test.targets
	EndProjectSection
EndProject
Project("{2150E333-8FDC-42A3-9474-1A3956D46DE8}") = "SpyMsBuild", "SpyMsBuild", "{4E69B7DC-DF38-473F-80ED-27C6E42C28A4}"
	ProjectSection(SolutionItems) = preProject
		Test\SpyMsBuild\SpyMsBuild.Empty.csproj = Test\SpyMsBuild\SpyMsBuild.Empty.csproj
		Test\SpyMsBuild\SpyMsBuild.Empty.vcxproj = Test\SpyMsBuild\SpyMsBuild.Empty.vcxproj
		Test\SpyMsBuild\SpyMsBuild.Empty.zou.Cpp.vcxproj = Test\SpyMsBuild\SpyMsBuild.Empty.zou.Cpp.vcxproj
		Test\SpyMsBuild\SpyMsBuild.Empty.zou.Cs.vcxproj = Test\SpyMsBuild\SpyMsBuild.Empty.zou.Cs.vcxproj
	EndProjectSection
EndProject
Project("{2150E333-8FDC-42A3-9474-1A3956D46DE8}") = "Test", "Test", "{9F39CDF9-1B9C-485B-A1A6-42F2CEE07360}"
	ProjectSection(SolutionItems) = preProject
		Tasks\Test\Tasks.Test.targets = Tasks\Test\Tasks.Test.targets
	EndProjectSection
EndProject
Project("{2150E333-8FDC-42A3-9474-1A3956D46DE8}") = "InteropProxy", "InteropProxy", "{D438BFFD-676A-40E0-A0F7-C787A8404960}"
	ProjectSection(SolutionItems) = preProject
		Test\InteropProxy\Test.InteropProxy.targets = Test\InteropProxy\Test.InteropProxy.targets
	EndProjectSection
EndProject
Global
	GlobalSection(SolutionProperties) = preSolution
		HideSolutionNode = FALSE
	EndGlobalSection
	GlobalSection(NestedProjects) = preSolution
		{6584C19F-4D40-48E8-91E9-4FA10440E185} = {C7F85CE4-410E-463F-9F66-FDD004A51A08}
		{A9ECA5A3-9B60-4D64-8E04-E9FE6D30DCA6} = {C7F85CE4-410E-463F-9F66-FDD004A51A08}
		{EA11BBB0-7BE9-4515-BCBC-2936CD54A398} = {C7F85CE4-410E-463F-9F66-FDD004A51A08}
		{98C031C5-1B74-4038-8572-4FE3942508B4} = {C7F85CE4-410E-463F-9F66-FDD004A51A08}
		{E8FCCDCF-596C-479B-9FB7-924C7FEC8815} = {C7F85CE4-410E-463F-9F66-FDD004A51A08}
		{015BC4D5-05EB-4690-B3FF-E74B61024115} = {B7610C02-E722-41E4-BF44-0E7A7D19B54A}
		{D430DB9C-C6F3-41F9-8E7C-F24EBC8EDBDF} = {B7610C02-E722-41E4-BF44-0E7A7D19B54A}
		{CBAC5A59-385B-4EFE-9F86-FEC1E112B99C} = {B7610C02-E722-41E4-BF44-0E7A7D19B54A}
		{43EADCE5-7E94-4CB1-8CA6-A95215143895} = {B7610C02-E722-41E4-BF44-0E7A7D19B54A}
		{627C996F-0472-434A-9CEC-8831A6A33A2C} = {B7610C02-E722-41E4-BF44-0E7A7D19B54A}
		{CF12DDFE-F258-4E73-8331-CAAE312DC29E} = {B7610C02-E722-41E4-BF44-0E7A7D19B54A}
		{FB1E8808-5B49-485E-8B80-9CC26FBB1E59} = {CF12DDFE-F258-4E73-8331-CAAE312DC29E}
		{80B67CFA-B12B-4263-99C6-9F61CE8AF819} = {CF12DDFE-F258-4E73-8331-CAAE312DC29E}
		{0DF3F6D9-0217-4C0E-B79C-3D1E67514424} = {B7610C02-E722-41E4-BF44-0E7A7D19B54A}
		{4E69B7DC-DF38-473F-80ED-27C6E42C28A4} = {0DF3F6D9-0217-4C0E-B79C-3D1E67514424}
		{9F39CDF9-1B9C-485B-A1A6-42F2CEE07360} = {627C996F-0472-434A-9CEC-8831A6A33A2C}
		{D438BFFD-676A-40E0-A0F7-C787A8404960} = {0DF3F6D9-0217-4C0E-B79C-3D1E67514424}
	EndGlobalSection
EndGlobal
