<?xml version="1.0" encoding="utf-8"?>
<Project ToolsVersion="4.0" xmlns="http://schemas.microsoft.com/developer/msbuild/2003">
  <ItemGroup>
    <Filter Include="Templates">
      <UniqueIdentifier>{beab237e-4dfb-4b5b-ba0d-81079544349c}</UniqueIdentifier>
    </Filter>
    <Filter Include="Templates\props">
      <UniqueIdentifier>{b7418e30-86e8-4c97-a16c-7ae272dba744}</UniqueIdentifier>
    </Filter>
    <Filter Include="Templates\vcxproj">
      <UniqueIdentifier>{c2cd9101-1c12-4455-b392-850f1b71a478}</UniqueIdentifier>
    </Filter>
    <Filter Include="Private">
      <UniqueIdentifier>{cbac743d-8d6b-4a9a-a0ab-47cc2cb7d57d}</UniqueIdentifier>
    </Filter>
    <Filter Include="Pch">
      <UniqueIdentifier>{3b030d1b-d409-49a4-b97a-5102fe0e9abe}</UniqueIdentifier>
    </Filter>
    <Filter Include=".Documentation">
      <UniqueIdentifier>{6b2b165c-4a38-4f64-b2f1-209092e489a8}</UniqueIdentifier>
    </Filter>
    <Filter Include=".Archives">
      <UniqueIdentifier>{a220b08d-5f3c-4370-ae21-2410da1f605a}</UniqueIdentifier>
    </Filter>
    <Filter Include="Test">
      <UniqueIdentifier>{b1514662-d832-4a00-8f17-10ef7cf50845}</UniqueIdentifier>
    </Filter>
  </ItemGroup>
  <ItemGroup>
    <None Include="Templates\vcxproj\Import.Template.vcxproj">
      <Filter>Templates\vcxproj</Filter>
    </None>
    <None Include="Templates\vcxproj\Utility.Template.vcxproj">
      <Filter>Templates\vcxproj</Filter>
    </None>
    <None Include="Cpp.NTVersion.props" />
    <None Include="Cpp.OutDir.props" />
    <None Include="pch\stdafx.h">
      <Filter>Pch</Filter>
    </None>
    <None Include="pch\targetver.h">
      <Filter>Pch</Filter>
    </None>
    <None Include=".Archives\ResolveFallback.targets">
      <Filter>.Archives</Filter>
    </None>
    <None Include=".Documentation\Submodules.md">
      <Filter>.Documentation</Filter>
    </None>
    <None Include="ReadMe.md">
      <Filter>.Documentation</Filter>
    </None>
    <None Include="Import.targets" />
    <None Include="Templates\props\Cpp.NTVersion.props">
      <Filter>Templates\props</Filter>
    </None>
    <None Include="Cpp.Utility.props" />
    <None Include="Cpp.Utility.targets" />
    <None Include="Test\Test.targets">
      <Filter>Test</Filter>
    </None>
    <None Include="Test\Test.InteropProxy.targets">
      <Filter>Test</Filter>
    </None>
    <None Include="InteropProxy.Content.props" />
    <None Include="Cpp.PlatformToolset.props" />
    <None Include="Templates\props\Cs.CppOutDir.props">
      <Filter>Templates\props</Filter>
    </None>
    <None Include="Cpp.OutDir.InteropProxy.props" />
    <None Include="private\Cpp.NTVersion.Default.props">
      <Filter>Private</Filter>
    </None>
    <None Include="private\Cpp.OutDir.Default.props">
      <Filter>Private</Filter>
    </None>
    <None Include="private\Cpp.OutDir.InteropProxy.Default.props">
      <Filter>Private</Filter>
    </None>
    <None Include="private\Cpp.PlatformToolset.Default.props">
      <Filter>Private</Filter>
    </None>
    <None Include="zou.props" />
    <None Include="InteropProxy.Default.props" />
    <None Include="Test\Spikes.targets">
      <Filter>Test</Filter>
    </None>
    <None Include="private\Cpp.IntDir.Default.props">
      <Filter>Private</Filter>
    </None>
    <None Include="private\Cpp.IntDir.InteropProxy.Default.props">
      <Filter>Private</Filter>
    </None>
    <None Include="Cpp.IntDir.InteropProxy.props" />
    <None Include="Cpp.IntDir.props" />
    <None Include="Cpp.Standard.props" />
    <None Include="private\Cpp.IncludeDirs.Default.props">
      <Filter>Private</Filter>
    </None>
    <None Include="Cpp.IncludeDirs.props" />
    <None Include="private\Cpp.PkgDir.Default.props">
      <Filter>Private</Filter>
    </None>
    <None Include="Cpp.PkgDir.props" />
    <None Include="Cpp.Boot.props" />
    <None Include="Pack.targets" />
    <None Include="Cpp.PkgSettings.props" />
    <None Include="Cpp.DbgDir.props" />
    <None Include="private\Cpp.DbgDir.Default.props">
      <Filter>Private</Filter>
    </None>
    <None Include="Cpp.DbgSettings.props" />
    <None Include="private\Cpp.DbgSettings.Default.props">
      <Filter>Private</Filter>
    </None>
  </ItemGroup>
</Project>