<?xml version="1.0" encoding="utf-8"?>
<Project ToolsVersion="4.0" xmlns="http://schemas.microsoft.com/developer/msbuild/2003">
  <ItemGroup>
    <Filter Include="Templates">
      <UniqueIdentifier>{beab237e-4dfb-4b5b-ba0d-81079544349c}</UniqueIdentifier>
    </Filter>
    <Filter Include="Templates\props">
      <UniqueIdentifier>{b7418e30-86e8-4c97-a16c-7ae272dba744}</UniqueIdentifier>
    </Filter>
    <Filter Include="Templates\props\bundle">
      <UniqueIdentifier>{9618e607-dc9b-4548-93cf-c516c7dae8fd}</UniqueIdentifier>
    </Filter>
    <Filter Include="Templates\props\project">
      <UniqueIdentifier>{dda7df6d-af35-49e1-a013-c5dbe9f75dc4}</UniqueIdentifier>
    </Filter>
    <Filter Include="Templates\props\solution">
      <UniqueIdentifier>{690a2f2b-6e26-45eb-8eeb-27128bcd59f0}</UniqueIdentifier>
    </Filter>
    <Filter Include="Templates\vcxproj">
      <UniqueIdentifier>{c2cd9101-1c12-4455-b392-850f1b71a478}</UniqueIdentifier>
    </Filter>
    <Filter Include="Private">
      <UniqueIdentifier>{cbac743d-8d6b-4a9a-a0ab-47cc2cb7d57d}</UniqueIdentifier>
    </Filter>
    <Filter Include="Pch">
      <UniqueIdentifier>{3b030d1b-d409-49a4-b97a-5102fe0e9abe}</UniqueIdentifier>
    </Filter>
    <Filter Include=".Documentation">
      <UniqueIdentifier>{6b2b165c-4a38-4f64-b2f1-209092e489a8}</UniqueIdentifier>
    </Filter>
    <Filter Include=".Archives">
      <UniqueIdentifier>{a220b08d-5f3c-4370-ae21-2410da1f605a}</UniqueIdentifier>
    </Filter>
  </ItemGroup>
  <ItemGroup>
    <None Include="Templates\vcxproj\Import.Template.vcxproj">
      <Filter>Templates\vcxproj</Filter>
    </None>
    <None Include="Templates\props\bundle\Cpp.NTVersion.props">
      <Filter>Templates\props\bundle</Filter>
    </None>
    <None Include="Templates\props\project\Cpp.NTVersion.props">
      <Filter>Templates\props\project</Filter>
    </None>
    <None Include="Templates\props\solution\Cpp.NTVersion.props">
      <Filter>Templates\props\solution</Filter>
    </None>
    <None Include="Templates\vcxproj\Utility.Template.vcxproj">
      <Filter>Templates\vcxproj</Filter>
    </None>
    <None Include="private\zou.targets">
      <Filter>Private</Filter>
    </None>
    <None Include="Cpp.NTVersion.Default.props" />
    <None Include="Cpp.NTVersion.props" />
    <None Include="Cpp.OutDir.Default.props" />
    <None Include="Cpp.OutDir.props" />
    <None Include="Cpp.Utility.Base.targets" />
    <None Include="Cpp.Utility.Import.targets" />
    <None Include="Test.targets" />
    <None Include="pch\stdafx.h">
      <Filter>Pch</Filter>
    </None>
    <None Include="pch\targetver.h">
      <Filter>Pch</Filter>
    </None>
    <None Include=".Archives\ResolveFallback.targets">
      <Filter>.Archives</Filter>
    </None>
    <None Include=".Documentation\Submodules.md">
      <Filter>.Documentation</Filter>
    </None>
    <None Include="ReadMe.md">
      <Filter>.Documentation</Filter>
    </None>
    <None Include="Cs.CppOutDir.props" />
    <None Include="Templates\props\Cs.CppOutDir.props">
      <Filter>Templates\props</Filter>
    </None>
    <None Include="Import.targets" />
  </ItemGroup>
</Project>