
Microsoft Visual Studio Solution File, Format Version 12.00
# Visual Studio 14
VisualStudioVersion = 14.0.25123.0
MinimumVisualStudioVersion = 10.0.40219.1
Project("{2150E333-8FDC-42A3-9474-1A3956D46DE8}") = "Interop", "Interop", "{6584C19F-4D40-48E8-91E9-4FA10440E185}"
	ProjectSection(SolutionItems) = preProject
		..\sync\Activation\Net\Engine\Activation.Engine.csproj = ..\sync\Activation\Net\Engine\Activation.Engine.csproj
		..\sal\Bcx\Net\Test\Bcx.Test.csproj = ..\sal\Bcx\Net\Test\Bcx.Test.csproj
	EndProjectSection
EndProject
Project("{2150E333-8FDC-42A3-9474-1A3956D46DE8}") = "Import", "Import", "{A9ECA5A3-9B60-4D64-8E04-E9FE6D30DCA6}"
	ProjectSection(SolutionItems) = preProject
		..\fact\fact\fact.imports.vcxproj = ..\fact\fact\fact.imports.vcxproj
		..\sal\sal\Salaires.Imports.vcxproj = ..\sal\sal\Salaires.Imports.vcxproj
	EndProjectSection
EndProject
Project("{2150E333-8FDC-42A3-9474-1A3956D46DE8}") = "Pack.Cpp", "Pack.Cpp", "{EA11BBB0-7BE9-4515-BCBC-2936CD54A398}"
	ProjectSection(SolutionItems) = preProject
		..\fact\fact\fact.pack.vcxproj = ..\fact\fact\fact.pack.vcxproj
		..\sal\sal\Salaires.Pack.vcxproj = ..\sal\sal\Salaires.Pack.vcxproj
		..\sal\Bcx\Native\Wipc\Wipc.Pack.vcxproj = ..\sal\Bcx\Native\Wipc\Wipc.Pack.vcxproj
	EndProjectSection
EndProject
Project("{2150E333-8FDC-42A3-9474-1A3956D46DE8}") = "Pack.Cs", "Pack.Cs", "{98C031C5-1B74-4038-8572-4FE3942508B4}"
	ProjectSection(SolutionItems) = preProject
		..\PaymentDev\Payment\Payment.Pack.vcxproj = ..\PaymentDev\Payment\Payment.Pack.vcxproj
		..\sal\swissdec\Net\Swissdec.Pack.vcxproj = ..\sal\swissdec\Net\Swissdec.Pack.vcxproj
		..\sync\Sync\Net\Server\Sync.Server.Pack.vcxproj = ..\sync\Sync\Net\Server\Sync.Server.Pack.vcxproj
		Tasks\Tasks.Pack.vcxproj = Tasks\Tasks.Pack.vcxproj
	EndProjectSection
EndProject
Project("{2150E333-8FDC-42A3-9474-1A3956D46DE8}") = "Cpp.Std", "Cpp.Std", "{E8FCCDCF-596C-479B-9FB7-924C7FEC8815}"
	ProjectSection(SolutionItems) = preProject
		..\sal\libefx\Efx.vcxproj = ..\sal\libefx\Efx.vcxproj
	EndProjectSection
EndProject
Project("{2150E333-8FDC-42A3-9474-1A3956D46DE8}") = "GetText", "GetText", "{D0C21CE6-C0BE-45DE-9DBE-04E47CF00607}"
	ProjectSection(SolutionItems) = preProject
		..\sync\zou\.Test\GetText\Console1\Console1.csproj = ..\sync\zou\.Test\GetText\Console1\Console1.csproj
		..\sync\Locales\Executor.bat = ..\sync\Locales\Executor.bat
		..\sync\zou\.Test\GetText\Lib1\Lib1.csproj = ..\sync\zou\.Test\GetText\Lib1\Lib1.csproj
		..\sync\zou\.Test\GetText\Lib2\Lib2.csproj = ..\sync\zou\.Test\GetText\Lib2\Lib2.csproj
		..\sync\Sync\Net\Client\Console\Sync.Client.Console.csproj = ..\sync\Sync\Net\Client\Console\Sync.Client.Console.csproj
	EndProjectSection
EndProject
Project("{2150E333-8FDC-42A3-9474-1A3956D46DE8}") = "LinkToXSD", "LinkToXSD", "{4D4958DB-4C91-4191-BFEA-722789AB9B64}"
	ProjectSection(SolutionItems) = preProject
		..\sal\swissdec\Net\packages\CodePlex.LinqToXsd.2.0.2\build\CodePlex.LinqToXsd.targets = ..\sal\swissdec\Net\packages\CodePlex.LinqToXsd.2.0.2\build\CodePlex.LinqToXsd.targets
		..\sal\swissdec\Net\Data\V4\SwissDec.Data.V4.csproj = ..\sal\swissdec\Net\Data\V4\SwissDec.Data.V4.csproj
	EndProjectSection
EndProject
Project("{2150E333-8FDC-42A3-9474-1A3956D46DE8}") = "Payment", "Payment", "{7E6D6D08-9C3B-4550-9FF7-30D047C37F5F}"
EndProject
Project("{2150E333-8FDC-42A3-9474-1A3956D46DE8}") = "PaymentDev", "PaymentDev", "{172E2CD1-0AC8-4559-93B0-93BA75C70419}"
	ProjectSection(SolutionItems) = preProject
		..\PaymentDev\ImmutableStorage\ImmutableStorage\ImmutableStorage.csproj = ..\PaymentDev\ImmutableStorage\ImmutableStorage\ImmutableStorage.csproj
		..\PaymentDev\Payment\Payment.Shell\Payment.Shell.csproj = ..\PaymentDev\Payment\Payment.Shell\Payment.Shell.csproj
		..\PaymentDev\Payment\Payment.Storage.Implementation\Payment.Storage.Implementation.csproj = ..\PaymentDev\Payment\Payment.Storage.Implementation\Payment.Storage.Implementation.csproj
	EndProjectSection
EndProject
Project("{2150E333-8FDC-42A3-9474-1A3956D46DE8}") = "fact", "fact", "{B8628F5D-E4C2-49D1-85A8-6879D948BA5E}"
	ProjectSection(SolutionItems) = preProject
		..\fact\ImmutableStorage\ImmutableStorage\ImmutableStorage.csproj = ..\fact\ImmutableStorage\ImmutableStorage\ImmutableStorage.csproj
		..\fact\Payment\Payment.Shell\Payment.Shell.csproj = ..\fact\Payment\Payment.Shell\Payment.Shell.csproj
		..\fact\Payment\Payment.Storage.Implementation\Payment.Storage.Implementation.csproj = ..\fact\Payment\Payment.Storage.Implementation\Payment.Storage.Implementation.csproj
	EndProjectSection
EndProject
Global
	GlobalSection(SolutionProperties) = preSolution
		HideSolutionNode = FALSE
	EndGlobalSection
	GlobalSection(NestedProjects) = preSolution
		{172E2CD1-0AC8-4559-93B0-93BA75C70419} = {7E6D6D08-9C3B-4550-9FF7-30D047C37F5F}
		{B8628F5D-E4C2-49D1-85A8-6879D948BA5E} = {7E6D6D08-9C3B-4550-9FF7-30D047C37F5F}
	EndGlobalSection
EndGlobal
