
Microsoft Visual Studio Solution File, Format Version 12.00
# Visual Studio 14
VisualStudioVersion = 14.0.24720.0
MinimumVisualStudioVersion = 10.0.40219.1
Project("{2150E333-8FDC-42A3-9474-1A3956D46DE8}") = "zou", "zou", "{35643E45-B7FF-4F8C-B15F-F5FC5FA00DCD}"
	ProjectSection(SolutionItems) = preProject
		Cpp.BuildLog.props = Cpp.BuildLog.props
		Cpp.OutDir.props = Cpp.OutDir.props
		Cpp.Utility.Base.targets = Cpp.Utility.Base.targets
		Cpp.Utility.Import.targets = Cpp.Utility.Import.targets
		Cpp.Version.Default.props = Cpp.Version.Default.props
		Cpp.Version.Vista.props = Cpp.Version.Vista.props
		Export.targets = Export.targets
		ReadMe.md = ReadMe.md
	EndProjectSection
EndProject
Project("{2150E333-8FDC-42A3-9474-1A3956D46DE8}") = "Templates", "Templates", "{5E272E97-DE86-468C-B6EC-7B21C1DBC35A}"
	ProjectSection(SolutionItems) = preProject
		Templates\Import.Template.vcxproj = Templates\Import.Template.vcxproj
	EndProjectSection
EndProject
Project("{2150E333-8FDC-42A3-9474-1A3956D46DE8}") = "pch", "pch", "{124FC84C-57CB-4127-9CA9-EC7021B7217E}"
	ProjectSection(SolutionItems) = preProject
		pch\stdafx.h = pch\stdafx.h
		pch\targetver.h = pch\targetver.h
	EndProjectSection
EndProject
Global
	GlobalSection(SolutionProperties) = preSolution
		HideSolutionNode = FALSE
	EndGlobalSection
	GlobalSection(NestedProjects) = preSolution
		{5E272E97-DE86-468C-B6EC-7B21C1DBC35A} = {35643E45-B7FF-4F8C-B15F-F5FC5FA00DCD}
		{124FC84C-57CB-4127-9CA9-EC7021B7217E} = {35643E45-B7FF-4F8C-B15F-F5FC5FA00DCD}
	EndGlobalSection
EndGlobal
