
Microsoft Visual Studio Solution File, Format Version 12.00
# Visual Studio 14
VisualStudioVersion = 14.0.25123.0
MinimumVisualStudioVersion = 10.0.40219.1
Project("{2150E333-8FDC-42A3-9474-1A3956D46DE8}") = "Interop", "Interop", "{6584C19F-4D40-48E8-91E9-4FA10440E185}"
	ProjectSection(SolutionItems) = preProject
		..\..\sync\Activation\Net\Engine\Activation.Engine.csproj = ..\..\sync\Activation\Net\Engine\Activation.Engine.csproj
		..\..\sal\Bcx\Net\Test\Bcx.Test.csproj = ..\..\sal\Bcx\Net\Test\Bcx.Test.csproj
	EndProjectSection
EndProject
Project("{2150E333-8FDC-42A3-9474-1A3956D46DE8}") = "Import", "Import", "{A9ECA5A3-9B60-4D64-8E04-E9FE6D30DCA6}"
	ProjectSection(SolutionItems) = preProject
		..\..\fact\fact\fact.imports.vcxproj = ..\..\fact\fact\fact.imports.vcxproj
		..\..\sal\sal\Salaires.Imports.vcxproj = ..\..\sal\sal\Salaires.Imports.vcxproj
	EndProjectSection
EndProject
Project("{2150E333-8FDC-42A3-9474-1A3956D46DE8}") = "Pack.Cpp", "Pack.Cpp", "{EA11BBB0-7BE9-4515-BCBC-2936CD54A398}"
	ProjectSection(SolutionItems) = preProject
		..\..\fact\fact\fact.pack.vcxproj = ..\..\fact\fact\fact.pack.vcxproj
		..\..\sal\sal\Salaires.Pack.vcxproj = ..\..\sal\sal\Salaires.Pack.vcxproj
		..\..\sal\Bcx\Native\Wipc\Wipc.Pack.vcxproj = ..\..\sal\Bcx\Native\Wipc\Wipc.Pack.vcxproj
	EndProjectSection
EndProject
Project("{2150E333-8FDC-42A3-9474-1A3956D46DE8}") = "Pack.Cs", "Pack.Cs", "{98C031C5-1B74-4038-8572-4FE3942508B4}"
	ProjectSection(SolutionItems) = preProject
		..\..\PaymentDev\Payment\Payment.Pack.vcxproj = ..\..\PaymentDev\Payment\Payment.Pack.vcxproj
		..\..\sal\swissdec\Net\Swissdec.Pack.vcxproj = ..\..\sal\swissdec\Net\Swissdec.Pack.vcxproj
		..\..\sync\Sync\Net\Client\Sync.Client.Pack.vcxproj = ..\..\sync\Sync\Net\Client\Sync.Client.Pack.vcxproj
		..\..\sync\Sync\Net\Server\Sync.Server.Pack.vcxproj = ..\..\sync\Sync\Net\Server\Sync.Server.Pack.vcxproj
		Tasks\Tasks.Pack.vcxproj = Tasks\Tasks.Pack.vcxproj
	EndProjectSection
EndProject
Project("{2150E333-8FDC-42A3-9474-1A3956D46DE8}") = "Cpp.Std", "Cpp.Std", "{E8FCCDCF-596C-479B-9FB7-924C7FEC8815}"
	ProjectSection(SolutionItems) = preProject
		..\..\sal\libefx\Efx.vcxproj = ..\..\sal\libefx\Efx.vcxproj
	EndProjectSection
EndProject
Project("{2150E333-8FDC-42A3-9474-1A3956D46DE8}") = "GetText", "GetText", "{D0C21CE6-C0BE-45DE-9DBE-04E47CF00607}"
	ProjectSection(SolutionItems) = preProject
		..\..\sync\Locales\Executor.bat = ..\..\sync\Locales\Executor.bat
		..\..\sync\Sync\Net\Client\Console\Sync.Client.Console.csproj = ..\..\sync\Sync\Net\Client\Console\Sync.Client.Console.csproj
	EndProjectSection
EndProject
Project("{2150E333-8FDC-42A3-9474-1A3956D46DE8}") = "LinkToXSD", "LinkToXSD", "{4D4958DB-4C91-4191-BFEA-722789AB9B64}"
	ProjectSection(SolutionItems) = preProject
		..\..\sal\swissdec\Net\packages\CodePlex.LinqToXsd.2.0.2\build\CodePlex.LinqToXsd.targets = ..\..\sal\swissdec\Net\packages\CodePlex.LinqToXsd.2.0.2\build\CodePlex.LinqToXsd.targets
		..\..\sal\swissdec\Net\Data\V4\SwissDec.Data.V4.csproj = ..\..\sal\swissdec\Net\Data\V4\SwissDec.Data.V4.csproj
	EndProjectSection
EndProject
Project("{2150E333-8FDC-42A3-9474-1A3956D46DE8}") = "Payment", "Payment", "{7E6D6D08-9C3B-4550-9FF7-30D047C37F5F}"
EndProject
Project("{2150E333-8FDC-42A3-9474-1A3956D46DE8}") = "PaymentDev", "PaymentDev", "{172E2CD1-0AC8-4559-93B0-93BA75C70419}"
	ProjectSection(SolutionItems) = preProject
		..\..\PaymentDev\ImmutableStorage\ImmutableStorage\ImmutableStorage.csproj = ..\..\PaymentDev\ImmutableStorage\ImmutableStorage\ImmutableStorage.csproj
		..\..\PaymentDev\Payment\Payment.Shell\Payment.Shell.csproj = ..\..\PaymentDev\Payment\Payment.Shell\Payment.Shell.csproj
		..\..\PaymentDev\Payment\Payment.Storage.Implementation\Payment.Storage.Implementation.csproj = ..\..\PaymentDev\Payment\Payment.Storage.Implementation\Payment.Storage.Implementation.csproj
	EndProjectSection
EndProject
Project("{2150E333-8FDC-42A3-9474-1A3956D46DE8}") = "fact", "fact", "{B8628F5D-E4C2-49D1-85A8-6879D948BA5E}"
	ProjectSection(SolutionItems) = preProject
		..\..\fact\ImmutableStorage\ImmutableStorage\ImmutableStorage.csproj = ..\..\fact\ImmutableStorage\ImmutableStorage\ImmutableStorage.csproj
		..\..\fact\Payment\Payment.Shell\Payment.Shell.csproj = ..\..\fact\Payment\Payment.Shell\Payment.Shell.csproj
		..\..\fact\Payment\Payment.Storage.Implementation\Payment.Storage.Implementation.csproj = ..\..\fact\Payment\Payment.Storage.Implementation\Payment.Storage.Implementation.csproj
	EndProjectSection
EndProject
Project("{2150E333-8FDC-42A3-9474-1A3956D46DE8}") = "Compendiums", "Compendiums", "{BB8C3C1E-1BEE-4058-B983-3DFF9395357E}"
EndProject
Project("{2150E333-8FDC-42A3-9474-1A3956D46DE8}") = "Bundle", "Bundle", "{2F0046CC-CBD5-43F2-A308-036F1D825F00}"
	ProjectSection(SolutionItems) = preProject
		.Resource\BundleCompendium.fr-CH.po = .Resource\BundleCompendium.fr-CH.po
	EndProjectSection
EndProject
Project("{2150E333-8FDC-42A3-9474-1A3956D46DE8}") = "Module", "Module", "{9DE23B1A-885F-42F4-8690-D8CF33FB0636}"
EndProject
Project("{2150E333-8FDC-42A3-9474-1A3956D46DE8}") = "PO Resources", "PO Resources", "{011F95E6-4554-4E0D-BE73-4A9DB3948E6D}"
EndProject
Project("{2150E333-8FDC-42A3-9474-1A3956D46DE8}") = "Lib1", "Lib1", "{53B0CDBA-8570-4622-919D-4CC127BC2792}"
	ProjectSection(SolutionItems) = preProject
		.Test\GetText\Lib1\Resource\Lib1.fr-CH.po = .Test\GetText\Lib1\Resource\Lib1.fr-CH.po
		.Test\GetText\Lib1\obj\Debug\Lib1.pot = .Test\GetText\Lib1\obj\Debug\Lib1.pot
	EndProjectSection
EndProject
Project("{2150E333-8FDC-42A3-9474-1A3956D46DE8}") = "Lib2", "Lib2", "{4315AABD-00E6-45D5-8429-3E010268AD6B}"
	ProjectSection(SolutionItems) = preProject
		.Test\GetText\Lib2\Resource\Lib2.fr-CH.po = .Test\GetText\Lib2\Resource\Lib2.fr-CH.po
	EndProjectSection
EndProject
Project("{2150E333-8FDC-42A3-9474-1A3956D46DE8}") = "Console1", "Console1", "{0F8F88D1-44C3-42DF-92CE-D8D9B0B9DD8A}"
	ProjectSection(SolutionItems) = preProject
		.Test\GetText\Console1\Resource\Console1.fr-CH.po = .Test\GetText\Console1\Resource\Console1.fr-CH.po
	EndProjectSection
EndProject
Global
	GlobalSection(SolutionProperties) = preSolution
		HideSolutionNode = FALSE
	EndGlobalSection
	GlobalSection(NestedProjects) = preSolution
		{172E2CD1-0AC8-4559-93B0-93BA75C70419} = {7E6D6D08-9C3B-4550-9FF7-30D047C37F5F}
		{B8628F5D-E4C2-49D1-85A8-6879D948BA5E} = {7E6D6D08-9C3B-4550-9FF7-30D047C37F5F}
		{BB8C3C1E-1BEE-4058-B983-3DFF9395357E} = {D0C21CE6-C0BE-45DE-9DBE-04E47CF00607}
		{2F0046CC-CBD5-43F2-A308-036F1D825F00} = {BB8C3C1E-1BEE-4058-B983-3DFF9395357E}
		{9DE23B1A-885F-42F4-8690-D8CF33FB0636} = {BB8C3C1E-1BEE-4058-B983-3DFF9395357E}
		{011F95E6-4554-4E0D-BE73-4A9DB3948E6D} = {D0C21CE6-C0BE-45DE-9DBE-04E47CF00607}
		{53B0CDBA-8570-4622-919D-4CC127BC2792} = {011F95E6-4554-4E0D-BE73-4A9DB3948E6D}
		{4315AABD-00E6-45D5-8429-3E010268AD6B} = {011F95E6-4554-4E0D-BE73-4A9DB3948E6D}
		{0F8F88D1-44C3-42DF-92CE-D8D9B0B9DD8A} = {011F95E6-4554-4E0D-BE73-4A9DB3948E6D}
	EndGlobalSection
EndGlobal
