
Microsoft Visual Studio Solution File, Format Version 12.00
# Visual Studio Version 16
VisualStudioVersion = 16.0.29102.190
MinimumVisualStudioVersion = 10.0.40219.1
Project("{2150E333-8FDC-42A3-9474-1A3956D46DE8}") = ".Bin", ".Bin", "{B7610C02-E722-41E4-BF44-0E7A7D19B54A}"
	ProjectSection(SolutionItems) = preProject
		bin\dotnet-zou.cmd = bin\dotnet-zou.cmd
		bin\git_config.bat = bin\git_config.bat
		bin\git_config.sh = bin\git_config.sh
	EndProjectSection
EndProject
Project("{2150E333-8FDC-42A3-9474-1A3956D46DE8}") = ".Archives", ".Archives", "{015BC4D5-05EB-4690-B3FF-E74B61024115}"
	ProjectSection(SolutionItems) = preProject
		.Archives\Inline.tasks = .Archives\Inline.tasks
	EndProjectSection
EndProject
Project("{2150E333-8FDC-42A3-9474-1A3956D46DE8}") = ".Pch", ".Pch", "{CBAC5A59-385B-4EFE-9F86-FEC1E112B99C}"
	ProjectSection(SolutionItems) = preProject
		pch\stdafx.h = pch\stdafx.h
		pch\stdasio.h = pch\stdasio.h
		pch\stdboost.h = pch\stdboost.h
		pch\targetver.h = pch\targetver.h
	EndProjectSection
EndProject
Project("{2150E333-8FDC-42A3-9474-1A3956D46DE8}") = "Tasks", "Tasks", "{627C996F-0472-434A-9CEC-8831A6A33A2C}"
	ProjectSection(SolutionItems) = preProject
		Tasks\Tasks.Pack.vcxproj = Tasks\Tasks.Pack.vcxproj
		zou.Tasks.props = zou.Tasks.props
	EndProjectSection
EndProject
Project("{2150E333-8FDC-42A3-9474-1A3956D46DE8}") = ".Templates", ".Templates", "{CF12DDFE-F258-4E73-8331-CAAE312DC29E}"
EndProject
Project("{2150E333-8FDC-42A3-9474-1A3956D46DE8}") = "props", "props", "{FB1E8808-5B49-485E-8B80-9CC26FBB1E59}"
	ProjectSection(SolutionItems) = preProject
		.Templates\props\Cpp.NTVersion.props = .Templates\props\Cpp.NTVersion.props
		.Templates\props\Cs.CppOutDir.props = .Templates\props\Cs.CppOutDir.props
	EndProjectSection
EndProject
Project("{2150E333-8FDC-42A3-9474-1A3956D46DE8}") = "vcxproj", "vcxproj", "{80B67CFA-B12B-4263-99C6-9F61CE8AF819}"
	ProjectSection(SolutionItems) = preProject
		.Templates\vcxproj\Cpp.Component.Agent.vcxproj = .Templates\vcxproj\Cpp.Component.Agent.vcxproj
		.Templates\vcxproj\Cpp.Component.Import.vcxproj = .Templates\vcxproj\Cpp.Component.Import.vcxproj
		.Templates\vcxproj\Cpp.Component.Pack.vcxproj = .Templates\vcxproj\Cpp.Component.Pack.vcxproj
		.Templates\vcxproj\Cs.Component.Pack.vcxproj = .Templates\vcxproj\Cs.Component.Pack.vcxproj
	EndProjectSection
EndProject
Project("{2150E333-8FDC-42A3-9474-1A3956D46DE8}") = "Boot", "Boot", "{1CA40860-1E91-4CC4-B7B6-226F8307AE56}"
	ProjectSection(SolutionItems) = preProject
		Boot.Core.props = Boot.Core.props
		Boot.Platform.props = Boot.Platform.props
		Cpp.Boot.props = Cpp.Boot.props
		Cs.Boot.props = Cs.Boot.props
		Go.Boot.props = Go.Boot.props
	EndProjectSection
EndProject
Project("{2150E333-8FDC-42A3-9474-1A3956D46DE8}") = "PropertySheets", "PropertySheets", "{4BA07256-0B1E-4222-827E-C1D96E554CE1}"
	ProjectSection(SolutionItems) = preProject
		Private\Com.InteropDir.Default.props = Private\Com.InteropDir.Default.props
		Com.InteropDir.props = Com.InteropDir.props
		Private\Com.InteropPlatform.Default.props = Private\Com.InteropPlatform.Default.props
		Com.InteropPlatform.props = Com.InteropPlatform.props
		private\Com.WorkDir.Default.props = private\Com.WorkDir.Default.props
		Com.WorkDir.props = Com.WorkDir.props
		OutDir.props = OutDir.props
		PkgDir.props = PkgDir.props
		Tmp.IntDir.props = Tmp.IntDir.props
	EndProjectSection
EndProject
Project("{2150E333-8FDC-42A3-9474-1A3956D46DE8}") = "Agents", "Agents", "{890B64EB-7BCA-4FE4-B980-24EC8B2A78E7}"
	ProjectSection(SolutionItems) = preProject
		Agent.props = Agent.props
		Agent.targets = Agent.targets
	EndProjectSection
EndProject
Project("{2150E333-8FDC-42A3-9474-1A3956D46DE8}") = "Cpp", "Cpp", "{3ADA93D3-9202-41FC-811E-78BCE35B0264}"
	ProjectSection(SolutionItems) = preProject
		private\Cpp.AdditionalDirs.Default.props = private\Cpp.AdditionalDirs.Default.props
		Cpp.AdditionalDirs.props = Cpp.AdditionalDirs.props
		private\Cpp.AsmDir.Default.props = private\Cpp.AsmDir.Default.props
		Cpp.AsmDir.props = Cpp.AsmDir.props
		private\Cpp.BoostVersion.Default.props = private\Cpp.BoostVersion.Default.props
		Cpp.BoostVersion.props = Cpp.BoostVersion.props
		private\Cpp.CharacterSet.Default.props = private\Cpp.CharacterSet.Default.props
		Cpp.CharacterSet.props = Cpp.CharacterSet.props
		private\Cpp.Configuration.Default.props = private\Cpp.Configuration.Default.props
		Cpp.Configuration.props = Cpp.Configuration.props
		private\Cpp.DbgSettings.Default.props = private\Cpp.DbgSettings.Default.props
		Cpp.DbgSettings.props = Cpp.DbgSettings.props
		private\Cpp.Diagnostics.Default.props = private\Cpp.Diagnostics.Default.props
		Cpp.Diagnostics.props = Cpp.Diagnostics.props
		private\Cpp.IntDir.Default.props = private\Cpp.IntDir.Default.props
		Cpp.IntDir.props = Cpp.IntDir.props
		private\Cpp.LanguageStandard.Default.props = private\Cpp.LanguageStandard.Default.props
		Cpp.LanguageStandard.props = Cpp.LanguageStandard.props
		private\Cpp.NTVersion.Default.props = private\Cpp.NTVersion.Default.props
		Cpp.NTVersion.props = Cpp.NTVersion.props
		private\Cpp.OutDir.Default.props = private\Cpp.OutDir.Default.props
		Cpp.OutDir.props = Cpp.OutDir.props
		private\Cpp.PkgDir.Default.props = private\Cpp.PkgDir.Default.props
		Cpp.PkgDir.props = Cpp.PkgDir.props
		private\Cpp.PlatformToolset.Default.props = private\Cpp.PlatformToolset.Default.props
		Cpp.PlatformToolset.props = Cpp.PlatformToolset.props
		private\Cpp.PlatformVersion.Default.props = private\Cpp.PlatformVersion.Default.props
		Cpp.PlatformVersion.props = Cpp.PlatformVersion.props
		Cpp.Standard.props = Cpp.Standard.props
		private\Cpp.VariousSettings.Default.props = private\Cpp.VariousSettings.Default.props
		Cpp.VariousSettings.props = Cpp.VariousSettings.props
		private\Cpp.VldConfig.Default.props = private\Cpp.VldConfig.Default.props
		Cpp.VldConfig.props = Cpp.VldConfig.props
		private\Cpp.VldVersion.Default.props = private\Cpp.VldVersion.Default.props
		Cpp.VldVersion.props = Cpp.VldVersion.props
	EndProjectSection
EndProject
Project("{2150E333-8FDC-42A3-9474-1A3956D46DE8}") = "Cs", "Cs", "{94A790B8-3FA9-48B5-A3FD-8E1E69A26167}"
	ProjectSection(SolutionItems) = preProject
		private\Cs.IntDir.Default.props = private\Cs.IntDir.Default.props
		Cs.IntDir.props = Cs.IntDir.props
		private\Cs.OutDir.Default.props = private\Cs.OutDir.Default.props
		Cs.OutDir.props = Cs.OutDir.props
		private\Cs.PkgDir.Default.props = private\Cs.PkgDir.Default.props
		Cs.PkgDir.props = Cs.PkgDir.props
		Private\Cs.PlatformToolset.Default.props = Private\Cs.PlatformToolset.Default.props
		Cs.PlatformToolset.props = Cs.PlatformToolset.props
		Cs.Standard.props = Cs.Standard.props
	EndProjectSection
EndProject
Project("{2150E333-8FDC-42A3-9474-1A3956D46DE8}") = ".Doc", ".Doc", "{2E8BF27A-3F68-420A-A935-DE03A63AC495}"
	ProjectSection(SolutionItems) = preProject
		.Documentation\0_Introduction.md = .Documentation\0_Introduction.md
		.Documentation\1_LogicalModel.md = .Documentation\1_LogicalModel.md
		.Documentation\2_PropertySheet.md = .Documentation\2_PropertySheet.md
		.Documentation\3_VirtualPropertySheet.md = .Documentation\3_VirtualPropertySheet.md
		.Documentation\4_PropertySheetOverride.md = .Documentation\4_PropertySheetOverride.md
		.Documentation\5_PropertySheetSharedOverride.md = .Documentation\5_PropertySheetSharedOverride.md
		.Documentation\6_PropertySheetPartialOverride.md = .Documentation\6_PropertySheetPartialOverride.md
		.Documentation\CrossDev.md = .Documentation\CrossDev.md
		.Documentation\Cs_ConfigureNuget.md = .Documentation\Cs_ConfigureNuget.md
		.Documentation\Directory.Build.md = .Documentation\Directory.Build.md
		.Documentation\GitAliases.md = .Documentation\GitAliases.md
		ReadMe.md = ReadMe.md
		.Documentation\Submodules.md = .Documentation\Submodules.md
		.Documentation\UnderConstruction.md = .Documentation\UnderConstruction.md
		.Documentation\ZouFlow.md = .Documentation\ZouFlow.md
	EndProjectSection
EndProject
Project("{2150E333-8FDC-42A3-9474-1A3956D46DE8}") = "BuildActions", "BuildActions", "{630EE6E0-D163-4024-97E2-228B52D0A7BF}"
EndProject
Project("{2150E333-8FDC-42A3-9474-1A3956D46DE8}") = "Core", "Core", "{C4405A59-5088-4F0D-A46C-213E232F6E0B}"
	ProjectSection(SolutionItems) = preProject
		AsmDir.props = AsmDir.props
		BuildSequence.targets = BuildSequence.targets
		CopyFile.targets = CopyFile.targets
		Directory.Build.Default.props = Directory.Build.Default.props
		Directory.Build.Default.targets = Directory.Build.Default.targets
		Private\Forward.props = Private\Forward.props
		Import.targets = Import.targets
		ImportFile.targets = ImportFile.targets
		ImportProject.targets = ImportProject.targets
		MoveFile.targets = MoveFile.targets
		OutDir.props = OutDir.props
		Pack.targets = Pack.targets
		PkgDir.props = PkgDir.props
		Sign.targets = Sign.targets
		Wim.targets = Wim.targets
		Zip.targets = Zip.targets
		zou.Errors.props = zou.Errors.props
		zou.props = zou.props
		zou.Tasks.props = zou.Tasks.props
	EndProjectSection
EndProject
Project("{2150E333-8FDC-42A3-9474-1A3956D46DE8}") = "Cpp", "Cpp", "{855A8B8E-F61B-432F-B485-EB3AF4327444}"
	ProjectSection(SolutionItems) = preProject
		Cpp.Boost.targets = Cpp.Boost.targets
		Cpp.Ducible.targets = Cpp.Ducible.targets
		Cpp.HelpProject.targets = Cpp.HelpProject.targets
		Cpp.HelpProject.xml = Cpp.HelpProject.xml
		Cpp.HelpTopic.xml = Cpp.HelpTopic.xml
		Cpp.Vld.targets = Cpp.Vld.targets
		Zou.Cpp.Base.targets = Zou.Cpp.Base.targets
		Zou.Cpp.targets = Zou.Cpp.targets
	EndProjectSection
EndProject
Project("{2150E333-8FDC-42A3-9474-1A3956D46DE8}") = "Cs", "Cs", "{AA9808FC-9DB0-419F-ADFA-6788DB9606B6}"
	ProjectSection(SolutionItems) = preProject
		Cs.DotnetStub.targets = Cs.DotnetStub.targets
		Cs.Interop.targets = Cs.Interop.targets
		Cs.PoResource.targets = Cs.PoResource.targets
		Zou.CSharp.targets = Zou.CSharp.targets
	EndProjectSection
EndProject
Project("{2150E333-8FDC-42A3-9474-1A3956D46DE8}") = "nuget", "nuget", "{3A26707A-2578-47B1-A13A-4F9F30845D3E}"
	ProjectSection(SolutionItems) = preProject
		.Templates\nuget\Cpp.Boost.Headers.Imports.targets = .Templates\nuget\Cpp.Boost.Headers.Imports.targets
		.Templates\nuget\Cpp.Boost.Headers.packages.config = .Templates\nuget\Cpp.Boost.Headers.packages.config
		.Templates\nuget\Cpp.Boost.Libs.Imports.targets = .Templates\nuget\Cpp.Boost.Libs.Imports.targets
		.Templates\nuget\Cpp.Boost.Libs.packages.config = .Templates\nuget\Cpp.Boost.Libs.packages.config
		.Templates\nuget\Cpp.Vld.Imports.targets = .Templates\nuget\Cpp.Vld.Imports.targets
		.Templates\nuget\Cpp.Vld.packages.config = .Templates\nuget\Cpp.Vld.packages.config
		.Templates\nuget\NuGet.config = .Templates\nuget\NuGet.config
		.Templates\nuget\vld.ini = .Templates\nuget\vld.ini
	EndProjectSection
EndProject
Project("{2150E333-8FDC-42A3-9474-1A3956D46DE8}") = "Help", "Help", "{8E2CB97C-9B6F-45B2-9806-C4C48A6CE9EA}"
	ProjectSection(SolutionItems) = preProject
		.Templates\help\helpmap.cpp = .Templates\help\helpmap.cpp
		.Templates\help\helpmap.culture.cpp = .Templates\help\helpmap.culture.cpp
		.Templates\help\helpmap.h = .Templates\help\helpmap.h
	EndProjectSection
EndProject
Project("{2150E333-8FDC-42A3-9474-1A3956D46DE8}") = "csproj", "csproj", "{F248544A-977C-48DC-BA09-DBD4A031555D}"
EndProject
Project("{2150E333-8FDC-42A3-9474-1A3956D46DE8}") = "vs2017", "vs2017", "{8C4FEC0F-0B1B-4335-B300-EF0496D1F5D1}"
	ProjectSection(SolutionItems) = preProject
		.Templates\csproj\vs2017\Console.csproj = .Templates\csproj\vs2017\Console.csproj
		.Templates\csproj\vs2017\Library.csproj = .Templates\csproj\vs2017\Library.csproj
		.Templates\csproj\vs2017\MultiFramework.csproj = .Templates\csproj\vs2017\MultiFramework.csproj
		.Templates\csproj\vs2017\xUnit.csproj = .Templates\csproj\vs2017\xUnit.csproj
	EndProjectSection
EndProject
Project("{2150E333-8FDC-42A3-9474-1A3956D46DE8}") = "Cpp", "Cpp", "{E9586FD2-B114-4563-86CD-AAEB153BA17A}"
	ProjectSection(SolutionItems) = preProject
		Cpp.Agent.props = Cpp.Agent.props
		Cpp.Import.props = Cpp.Import.props
		Cpp.Import.targets = Cpp.Import.targets
		Cpp.Pack.props = Cpp.Pack.props
		Cpp.Pack.targets = Cpp.Pack.targets
	EndProjectSection
EndProject
Project("{2150E333-8FDC-42A3-9474-1A3956D46DE8}") = "Cs", "Cs", "{EEEA1A4D-D633-4C29-B22A-F211D4720A07}"
	ProjectSection(SolutionItems) = preProject
		Cs.Agent.props = Cs.Agent.props
		Cs.Import.props = Cs.Import.props
		Cs.Import.targets = Cs.Import.targets
		Cs.Pack.props = Cs.Pack.props
		Cs.Pack.targets = Cs.Pack.targets
	EndProjectSection
EndProject
Project("{2150E333-8FDC-42A3-9474-1A3956D46DE8}") = "Go", "Go", "{CBBE7894-0BB4-49BF-A28E-CCF46C0D46A5}"
	ProjectSection(SolutionItems) = preProject
		Go.Agent.props = Go.Agent.props
		Go.Agent.targets = Go.Agent.targets
	EndProjectSection
EndProject
Project("{2150E333-8FDC-42A3-9474-1A3956D46DE8}") = "Go", "Go", "{3137914C-A570-46F7-A6D3-45FD7452B86C}"
	ProjectSection(SolutionItems) = preProject
		private\Go.OutDir.Default.props = private\Go.OutDir.Default.props
		Go.OutDir.props = Go.OutDir.props
		private\Go.PkgDir.Default.props = private\Go.PkgDir.Default.props
		Go.PkgDir.props = Go.PkgDir.props
	EndProjectSection
EndProject
Project("{2150E333-8FDC-42A3-9474-1A3956D46DE8}") = "Tools", "Tools", "{99E63859-187E-4463-A1FB-BE77A1EE891A}"
	ProjectSection(SolutionItems) = preProject
		Tools.Cpp.props = Tools.Cpp.props
		Tools.Go.props = Tools.Go.props
		Tools.Mfc.props = Tools.Mfc.props
		Tools.Msys.props = Tools.Msys.props
		Tools.Nuget.props = Tools.Nuget.props
		Tools.props = Tools.props
	EndProjectSection
EndProject
Project("{2150E333-8FDC-42A3-9474-1A3956D46DE8}") = "grpc", "grpc", "{5AF5BA0D-4AAC-4317-98CA-88C1C5000DAA}"
	ProjectSection(SolutionItems) = preProject
		epsitec-grpc.props = epsitec-grpc.props
		epsitec-grpc.targets = epsitec-grpc.targets
	EndProjectSection
EndProject
Global
	GlobalSection(SolutionProperties) = preSolution
		HideSolutionNode = FALSE
	EndGlobalSection
	GlobalSection(NestedProjects) = preSolution
		{FB1E8808-5B49-485E-8B80-9CC26FBB1E59} = {CF12DDFE-F258-4E73-8331-CAAE312DC29E}
		{80B67CFA-B12B-4263-99C6-9F61CE8AF819} = {CF12DDFE-F258-4E73-8331-CAAE312DC29E}
		{3ADA93D3-9202-41FC-811E-78BCE35B0264} = {4BA07256-0B1E-4222-827E-C1D96E554CE1}
		{94A790B8-3FA9-48B5-A3FD-8E1E69A26167} = {4BA07256-0B1E-4222-827E-C1D96E554CE1}
		{855A8B8E-F61B-432F-B485-EB3AF4327444} = {630EE6E0-D163-4024-97E2-228B52D0A7BF}
		{AA9808FC-9DB0-419F-ADFA-6788DB9606B6} = {630EE6E0-D163-4024-97E2-228B52D0A7BF}
		{3A26707A-2578-47B1-A13A-4F9F30845D3E} = {CF12DDFE-F258-4E73-8331-CAAE312DC29E}
		{8E2CB97C-9B6F-45B2-9806-C4C48A6CE9EA} = {CF12DDFE-F258-4E73-8331-CAAE312DC29E}
		{F248544A-977C-48DC-BA09-DBD4A031555D} = {CF12DDFE-F258-4E73-8331-CAAE312DC29E}
		{8C4FEC0F-0B1B-4335-B300-EF0496D1F5D1} = {F248544A-977C-48DC-BA09-DBD4A031555D}
		{E9586FD2-B114-4563-86CD-AAEB153BA17A} = {890B64EB-7BCA-4FE4-B980-24EC8B2A78E7}
		{EEEA1A4D-D633-4C29-B22A-F211D4720A07} = {890B64EB-7BCA-4FE4-B980-24EC8B2A78E7}
		{CBBE7894-0BB4-49BF-A28E-CCF46C0D46A5} = {890B64EB-7BCA-4FE4-B980-24EC8B2A78E7}
		{3137914C-A570-46F7-A6D3-45FD7452B86C} = {4BA07256-0B1E-4222-827E-C1D96E554CE1}
	EndGlobalSection
	GlobalSection(ExtensibilityGlobals) = postSolution
		SolutionGuid = {3EA361D6-3363-42FA-B95D-6A188519D238}
	EndGlobalSection
EndGlobal
