
Microsoft Visual Studio Solution File, Format Version 12.00
# Visual Studio 14
VisualStudioVersion = 14.0.24720.0
MinimumVisualStudioVersion = 10.0.40219.1
Project("{8BC9CEB8-8B4A-11D0-8D11-00A0C91BC942}") = "Tasks.Prepack", "Tasks.Prepack.vcxproj", "{844197DB-1268-4EC1-B3B4-AE7BC86EE2DF}"
EndProject
Project("{8BC9CEB8-8B4A-11D0-8D11-00A0C91BC942}") = "Tasks.Pack", "Tasks.Pack.vcxproj", "{CE838607-7D36-4593-93FA-EAAEF0B74148}"
	ProjectSection(ProjectDependencies) = postProject
		{844197DB-1268-4EC1-B3B4-AE7BC86EE2DF} = {844197DB-1268-4EC1-B3B4-AE7BC86EE2DF}
	EndProjectSection
EndProject
Global
	GlobalSection(SolutionConfigurationPlatforms) = preSolution
		Debug|Win32 = Debug|Win32
		Release|Win32 = Release|Win32
	EndGlobalSection
	GlobalSection(ProjectConfigurationPlatforms) = postSolution
		{844197DB-1268-4EC1-B3B4-AE7BC86EE2DF}.Debug|Win32.ActiveCfg = Debug|Win32
		{844197DB-1268-4EC1-B3B4-AE7BC86EE2DF}.Debug|Win32.Build.0 = Debug|Win32
		{844197DB-1268-4EC1-B3B4-AE7BC86EE2DF}.Release|Win32.ActiveCfg = Release|Win32
		{844197DB-1268-4EC1-B3B4-AE7BC86EE2DF}.Release|Win32.Build.0 = Release|Win32
		{CE838607-7D36-4593-93FA-EAAEF0B74148}.Debug|Win32.ActiveCfg = Debug|Win32
		{CE838607-7D36-4593-93FA-EAAEF0B74148}.Debug|Win32.Build.0 = Debug|Win32
		{CE838607-7D36-4593-93FA-EAAEF0B74148}.Release|Win32.ActiveCfg = Release|Win32
		{CE838607-7D36-4593-93FA-EAAEF0B74148}.Release|Win32.Build.0 = Release|Win32
	EndGlobalSection
	GlobalSection(SolutionProperties) = preSolution
		HideSolutionNode = FALSE
	EndGlobalSection
EndGlobal
