
Microsoft Visual Studio Solution File, Format Version 12.00
# Visual Studio 14
VisualStudioVersion = 14.0.24720.0
MinimumVisualStudioVersion = 10.0.40219.1
Project("{FAE04EC0-301F-11D3-BF4B-00C04F79EFBC}") = "Tasks", "Tasks.csproj", "{00EA2476-BE35-4642-B1B0-7245730AA839}"
EndProject
Project("{8BC9CEB8-8B4A-11D0-8D11-00A0C91BC942}") = "Tasks.Pack", "Tasks.Pack.vcxproj", "{CE838607-7D36-4593-93FA-EAAEF0B74148}"
	ProjectSection(ProjectDependencies) = postProject
		{00EA2476-BE35-4642-B1B0-7245730AA839} = {00EA2476-BE35-4642-B1B0-7245730AA839}
	EndProjectSection
EndProject
Global
	GlobalSection(SolutionConfigurationPlatforms) = preSolution
		Debug|Any CPU = Debug|Any CPU
		Release|Any CPU = Release|Any CPU
	EndGlobalSection
	GlobalSection(ProjectConfigurationPlatforms) = postSolution
		{00EA2476-BE35-4642-B1B0-7245730AA839}.Debug|Any CPU.ActiveCfg = Debug|Any CPU
		{00EA2476-BE35-4642-B1B0-7245730AA839}.Debug|Any CPU.Build.0 = Debug|Any CPU
		{00EA2476-BE35-4642-B1B0-7245730AA839}.Release|Any CPU.ActiveCfg = Release|Any CPU
		{00EA2476-BE35-4642-B1B0-7245730AA839}.Release|Any CPU.Build.0 = Release|Any CPU
		{CE838607-7D36-4593-93FA-EAAEF0B74148}.Debug|Any CPU.ActiveCfg = Debug|AnyCPU
		{CE838607-7D36-4593-93FA-EAAEF0B74148}.Release|Any CPU.ActiveCfg = Release|AnyCPU
		{CE838607-7D36-4593-93FA-EAAEF0B74148}.Release|Any CPU.Build.0 = Release|AnyCPU
	EndGlobalSection
	GlobalSection(SolutionProperties) = preSolution
		HideSolutionNode = FALSE
	EndGlobalSection
EndGlobal
