
Microsoft Visual Studio Solution File, Format Version 12.00
# Visual Studio 14
VisualStudioVersion = 14.0.25420.1
MinimumVisualStudioVersion = 10.0.40219.1
Project("{FAE04EC0-301F-11D3-BF4B-00C04F79EFBC}") = "Lib2", "Lib2.csproj", "{5AE412C2-1407-451B-9BC5-5A0858232827}"
EndProject
Project("{FAE04EC0-301F-11D3-BF4B-00C04F79EFBC}") = "Lib1", "..\Lib1\Lib1.csproj", "{3F279EAC-59F1-4B6C-AEB4-E455F7AA705F}"
EndProject
Project("{FAE04EC0-301F-11D3-BF4B-00C04F79EFBC}") = "Bcx.PoResourceTest", "..\..\..\..\Bcx\Net\PoResourceTest\Bcx.PoResourceTest.csproj", "{604CAB88-646D-4917-A71F-C7C251A107C1}"
EndProject
Project("{FAE04EC0-301F-11D3-BF4B-00C04F79EFBC}") = "Bcx.Localization", "..\..\..\..\Bcx\Net\Localization\Bcx.Localization.csproj", "{DE681D0E-EFEB-4996-9840-05CDE8932EF1}"
EndProject
Global
	GlobalSection(SolutionConfigurationPlatforms) = preSolution
		Debug|Any CPU = Debug|Any CPU
		Debug|x64 = Debug|x64
		Debug|x86 = Debug|x86
		Release|Any CPU = Release|Any CPU
		Release|x64 = Release|x64
		Release|x86 = Release|x86
	EndGlobalSection
	GlobalSection(ProjectConfigurationPlatforms) = postSolution
		{5AE412C2-1407-451B-9BC5-5A0858232827}.Debug|Any CPU.ActiveCfg = Debug|Any CPU
		{5AE412C2-1407-451B-9BC5-5A0858232827}.Debug|Any CPU.Build.0 = Debug|Any CPU
		{5AE412C2-1407-451B-9BC5-5A0858232827}.Debug|x64.ActiveCfg = Debug|x64
		{5AE412C2-1407-451B-9BC5-5A0858232827}.Debug|x64.Build.0 = Debug|x64
		{5AE412C2-1407-451B-9BC5-5A0858232827}.Debug|x86.ActiveCfg = Debug|x86
		{5AE412C2-1407-451B-9BC5-5A0858232827}.Debug|x86.Build.0 = Debug|x86
		{5AE412C2-1407-451B-9BC5-5A0858232827}.Release|Any CPU.ActiveCfg = Release|Any CPU
		{5AE412C2-1407-451B-9BC5-5A0858232827}.Release|Any CPU.Build.0 = Release|Any CPU
		{5AE412C2-1407-451B-9BC5-5A0858232827}.Release|x64.ActiveCfg = Release|x64
		{5AE412C2-1407-451B-9BC5-5A0858232827}.Release|x64.Build.0 = Release|x64
		{5AE412C2-1407-451B-9BC5-5A0858232827}.Release|x86.ActiveCfg = Release|x86
		{5AE412C2-1407-451B-9BC5-5A0858232827}.Release|x86.Build.0 = Release|x86
		{3F279EAC-59F1-4B6C-AEB4-E455F7AA705F}.Debug|Any CPU.ActiveCfg = Debug|Any CPU
		{3F279EAC-59F1-4B6C-AEB4-E455F7AA705F}.Debug|Any CPU.Build.0 = Debug|Any CPU
		{3F279EAC-59F1-4B6C-AEB4-E455F7AA705F}.Debug|x64.ActiveCfg = Debug|x64
		{3F279EAC-59F1-4B6C-AEB4-E455F7AA705F}.Debug|x64.Build.0 = Debug|x64
		{3F279EAC-59F1-4B6C-AEB4-E455F7AA705F}.Debug|x86.ActiveCfg = Debug|x86
		{3F279EAC-59F1-4B6C-AEB4-E455F7AA705F}.Debug|x86.Build.0 = Debug|x86
		{3F279EAC-59F1-4B6C-AEB4-E455F7AA705F}.Release|Any CPU.ActiveCfg = Release|Any CPU
		{3F279EAC-59F1-4B6C-AEB4-E455F7AA705F}.Release|Any CPU.Build.0 = Release|Any CPU
		{3F279EAC-59F1-4B6C-AEB4-E455F7AA705F}.Release|x64.ActiveCfg = Release|x64
		{3F279EAC-59F1-4B6C-AEB4-E455F7AA705F}.Release|x64.Build.0 = Release|x64
		{3F279EAC-59F1-4B6C-AEB4-E455F7AA705F}.Release|x86.ActiveCfg = Release|x86
		{3F279EAC-59F1-4B6C-AEB4-E455F7AA705F}.Release|x86.Build.0 = Release|x86
		{604CAB88-646D-4917-A71F-C7C251A107C1}.Debug|Any CPU.ActiveCfg = Debug|Any CPU
		{604CAB88-646D-4917-A71F-C7C251A107C1}.Debug|Any CPU.Build.0 = Debug|Any CPU
		{604CAB88-646D-4917-A71F-C7C251A107C1}.Debug|x64.ActiveCfg = Debug|Any CPU
		{604CAB88-646D-4917-A71F-C7C251A107C1}.Debug|x64.Build.0 = Debug|Any CPU
		{604CAB88-646D-4917-A71F-C7C251A107C1}.Debug|x86.ActiveCfg = Debug|Any CPU
		{604CAB88-646D-4917-A71F-C7C251A107C1}.Debug|x86.Build.0 = Debug|Any CPU
		{604CAB88-646D-4917-A71F-C7C251A107C1}.Release|Any CPU.ActiveCfg = Release|Any CPU
		{604CAB88-646D-4917-A71F-C7C251A107C1}.Release|Any CPU.Build.0 = Release|Any CPU
		{604CAB88-646D-4917-A71F-C7C251A107C1}.Release|x64.ActiveCfg = Release|Any CPU
		{604CAB88-646D-4917-A71F-C7C251A107C1}.Release|x64.Build.0 = Release|Any CPU
		{604CAB88-646D-4917-A71F-C7C251A107C1}.Release|x86.ActiveCfg = Release|Any CPU
		{604CAB88-646D-4917-A71F-C7C251A107C1}.Release|x86.Build.0 = Release|Any CPU
		{DE681D0E-EFEB-4996-9840-05CDE8932EF1}.Debug|Any CPU.ActiveCfg = Debug|Any CPU
		{DE681D0E-EFEB-4996-9840-05CDE8932EF1}.Debug|Any CPU.Build.0 = Debug|Any CPU
		{DE681D0E-EFEB-4996-9840-05CDE8932EF1}.Debug|x64.ActiveCfg = Debug|Any CPU
		{DE681D0E-EFEB-4996-9840-05CDE8932EF1}.Debug|x64.Build.0 = Debug|Any CPU
		{DE681D0E-EFEB-4996-9840-05CDE8932EF1}.Debug|x86.ActiveCfg = Debug|Any CPU
		{DE681D0E-EFEB-4996-9840-05CDE8932EF1}.Debug|x86.Build.0 = Debug|Any CPU
		{DE681D0E-EFEB-4996-9840-05CDE8932EF1}.Release|Any CPU.ActiveCfg = Release|Any CPU
		{DE681D0E-EFEB-4996-9840-05CDE8932EF1}.Release|Any CPU.Build.0 = Release|Any CPU
		{DE681D0E-EFEB-4996-9840-05CDE8932EF1}.Release|x64.ActiveCfg = Release|Any CPU
		{DE681D0E-EFEB-4996-9840-05CDE8932EF1}.Release|x64.Build.0 = Release|Any CPU
		{DE681D0E-EFEB-4996-9840-05CDE8932EF1}.Release|x86.ActiveCfg = Release|Any CPU
		{DE681D0E-EFEB-4996-9840-05CDE8932EF1}.Release|x86.Build.0 = Release|Any CPU
	EndGlobalSection
	GlobalSection(SolutionProperties) = preSolution
		HideSolutionNode = FALSE
	EndGlobalSection
EndGlobal
