Microsoft Visual Studio Solution File, Format Version 12.00
Project("{9A19103F-16F7-4668-BE54-9A1E7A4F7556}") = "NuPkg", "NuPkg.csproj", "{424BB8A3-B45B-4B87-B32F-1FC606AD5AF0}"
EndProject
Global
	GlobalSection(SolutionConfigurationPlatforms) = preSolution
		Debug|Any CPU = Debug|Any CPU
		Debug|x64 = Debug|x64
		Debug|x86 = Debug|x86
		Release|Any CPU = Release|Any CPU
		Release|x64 = Release|x64
		Release|x86 = Release|x86
	EndGlobalSection
	GlobalSection(ProjectConfigurationPlatforms) = postSolution
		{424BB8A3-B45B-4B87-B32F-1FC606AD5AF0}.Debug|Any CPU.ActiveCfg = Debug|Any CPU
		{424BB8A3-B45B-4B87-B32F-1FC606AD5AF0}.Debug|Any CPU.Build.0 = Debug|Any CPU
		{424BB8A3-B45B-4B87-B32F-1FC606AD5AF0}.Debug|x64.ActiveCfg = Debug|x64
		{424BB8A3-B45B-4B87-B32F-1FC606AD5AF0}.Debug|x64.Build.0 = Debug|x64
		{424BB8A3-B45B-4B87-B32F-1FC606AD5AF0}.Debug|x86.ActiveCfg = Debug|x86
		{424BB8A3-B45B-4B87-B32F-1FC606AD5AF0}.Debug|x86.Build.0 = Debug|x86
		{424BB8A3-B45B-4B87-B32F-1FC606AD5AF0}.Release|Any CPU.ActiveCfg = Release|Any CPU
		{424BB8A3-B45B-4B87-B32F-1FC606AD5AF0}.Release|Any CPU.Build.0 = Release|Any CPU
		{424BB8A3-B45B-4B87-B32F-1FC606AD5AF0}.Release|x64.ActiveCfg = Release|x64
		{424BB8A3-B45B-4B87-B32F-1FC606AD5AF0}.Release|x64.Build.0 = Release|x64
		{424BB8A3-B45B-4B87-B32F-1FC606AD5AF0}.Release|x86.ActiveCfg = Release|x86
		{424BB8A3-B45B-4B87-B32F-1FC606AD5AF0}.Release|x86.Build.0 = Release|x86
	EndGlobalSection
	GlobalSection(SolutionProperties) = preSolution
		HideSolutionNode = FALSE
	EndGlobalSection
	GlobalSection(ExtensibilityGlobals) = postSolution
		SolutionGuid = {CFE646C1-2225-4610-81F6-B250A81F4FA9}
	EndGlobalSection
EndGlobal
