
Microsoft Visual Studio Solution File, Format Version 12.00
# Visual Studio Version 18
VisualStudioVersion = 18.0.11012.119 d18.0
MinimumVisualStudioVersion = 10.0.40219.1
Project("{9A19103F-16F7-4668-BE54-9A1E7A4F7556}") = "NuPkg", "NuPkg.csproj", "{424BB8A3-B45B-4B87-B32F-1FC606AD5AF0}"
EndProject
Project("{2150E333-8FDC-42A3-9474-1A3956D46DE8}") = ".build", ".build", "{02EA681E-C7D8-13C7-8484-4AC65E1B71E8}"
	ProjectSection(SolutionItems) = preProject
		..\Directory.Build.Default.props = ..\Directory.Build.Default.props
		..\Directory.Build.Default.targets = ..\Directory.Build.Default.targets
		..\Directory.Build.props = ..\Directory.Build.props
		..\Directory.Packages.Default.props = ..\Directory.Packages.Default.props
		..\Directory.Packages.Floating.props = ..\Directory.Packages.Floating.props
		..\Directory.Packages.net10.props = ..\Directory.Packages.net10.props
		..\Directory.Packages.net8.props = ..\Directory.Packages.net8.props
		..\Directory.Packages.net9.props = ..\Directory.Packages.net9.props
		..\PrunePackages.targets = ..\PrunePackages.targets
	EndProjectSection
EndProject
Global
	GlobalSection(SolutionConfigurationPlatforms) = preSolution
		Debug|Any CPU = Debug|Any CPU
		Debug|x64 = Debug|x64
		Debug|x86 = Debug|x86
		Release|Any CPU = Release|Any CPU
		Release|x64 = Release|x64
		Release|x86 = Release|x86
	EndGlobalSection
	GlobalSection(ProjectConfigurationPlatforms) = postSolution
		{424BB8A3-B45B-4B87-B32F-1FC606AD5AF0}.Debug|Any CPU.ActiveCfg = Debug|Any CPU
		{424BB8A3-B45B-4B87-B32F-1FC606AD5AF0}.Debug|Any CPU.Build.0 = Debug|Any CPU
		{424BB8A3-B45B-4B87-B32F-1FC606AD5AF0}.Debug|x64.ActiveCfg = Debug|x64
		{424BB8A3-B45B-4B87-B32F-1FC606AD5AF0}.Debug|x64.Build.0 = Debug|x64
		{424BB8A3-B45B-4B87-B32F-1FC606AD5AF0}.Debug|x86.ActiveCfg = Debug|x86
		{424BB8A3-B45B-4B87-B32F-1FC606AD5AF0}.Debug|x86.Build.0 = Debug|x86
		{424BB8A3-B45B-4B87-B32F-1FC606AD5AF0}.Release|Any CPU.ActiveCfg = Release|Any CPU
		{424BB8A3-B45B-4B87-B32F-1FC606AD5AF0}.Release|Any CPU.Build.0 = Release|Any CPU
		{424BB8A3-B45B-4B87-B32F-1FC606AD5AF0}.Release|x64.ActiveCfg = Release|x64
		{424BB8A3-B45B-4B87-B32F-1FC606AD5AF0}.Release|x64.Build.0 = Release|x64
		{424BB8A3-B45B-4B87-B32F-1FC606AD5AF0}.Release|x86.ActiveCfg = Release|x86
		{424BB8A3-B45B-4B87-B32F-1FC606AD5AF0}.Release|x86.Build.0 = Release|x86
	EndGlobalSection
	GlobalSection(SolutionProperties) = preSolution
		HideSolutionNode = FALSE
	EndGlobalSection
	GlobalSection(ExtensibilityGlobals) = postSolution
		SolutionGuid = {CFE646C1-2225-4610-81F6-B250A81F4FA9}
	EndGlobalSection
EndGlobal
