
Microsoft Visual Studio Solution File, Format Version 12.00
# Visual Studio 14
VisualStudioVersion = 14.0.25420.1
MinimumVisualStudioVersion = 10.0.40219.1
Project("{FAE04EC0-301F-11D3-BF4B-00C04F79EFBC}") = "Lib1", "Lib1\Lib1.csproj", "{3F279EAC-59F1-4B6C-AEB4-E455F7AA705F}"
EndProject
Project("{FAE04EC0-301F-11D3-BF4B-00C04F79EFBC}") = "Lib2", "Lib2\Lib2.csproj", "{5AE412C2-1407-451B-9BC5-5A0858232827}"
EndProject
Project("{FAE04EC0-301F-11D3-BF4B-00C04F79EFBC}") = "Console1", "Console1\Console1.csproj", "{23A7EB83-5423-4CDC-9F26-8CD842F35833}"
EndProject
Project("{FAE04EC0-301F-11D3-BF4B-00C04F79EFBC}") = "Bcx.Localization", "..\..\..\Bcx\Net\Localization\Bcx.Localization.csproj", "{DE681D0E-EFEB-4996-9840-05CDE8932EF1}"
EndProject
Project("{2150E333-8FDC-42A3-9474-1A3956D46DE8}") = ".po", ".po", "{2A783EC2-E468-4AEC-AEBA-06D266729BDF}"
EndProject
Project("{2150E333-8FDC-42A3-9474-1A3956D46DE8}") = "Module", "Module", "{EF1C7FE3-07C1-4A21-BE0E-853DD7CA2FE6}"
	ProjectSection(SolutionItems) = preProject
		..\..\.po\zou.de-CH.po = ..\..\.po\zou.de-CH.po
		..\..\.po\zou.en-US.po = ..\..\.po\zou.en-US.po
		..\..\.po\zou.fr-CH.po = ..\..\.po\zou.fr-CH.po
		..\..\.po\zou.it-CH.po = ..\..\.po\zou.it-CH.po
		..\..\.po\zou.it.po = ..\..\.po\zou.it.po
	EndProjectSection
EndProject
Project("{2150E333-8FDC-42A3-9474-1A3956D46DE8}") = "Bundle", "Bundle", "{7CD90122-0817-48F5-A490-18965FC20E21}"
	ProjectSection(SolutionItems) = preProject
		..\..\..\.po\zou-dev.de-CH.po = ..\..\..\.po\zou-dev.de-CH.po
		..\..\..\.po\zou-dev.en-US.po = ..\..\..\.po\zou-dev.en-US.po
		..\..\..\.po\zou-dev.fr-CH.po = ..\..\..\.po\zou-dev.fr-CH.po
		..\..\..\.po\zou-dev.it-CH.po = ..\..\..\.po\zou-dev.it-CH.po
		..\..\..\.po\zou-dev.it.po = ..\..\..\.po\zou-dev.it.po
	EndProjectSection
EndProject
Project("{2150E333-8FDC-42A3-9474-1A3956D46DE8}") = ".pot", ".pot", "{65DFF797-E53C-41F6-AAD9-892AED18E63B}"
EndProject
Project("{2150E333-8FDC-42A3-9474-1A3956D46DE8}") = "Module", "Module", "{33E2F663-5240-4D19-947B-8912D70A4DE1}"
	ProjectSection(SolutionItems) = preProject
		..\..\.po\obj\Debug\zou.pot = ..\..\.po\obj\Debug\zou.pot
	EndProjectSection
EndProject
Project("{2150E333-8FDC-42A3-9474-1A3956D46DE8}") = "Domain", "Domain", "{B4CAAA12-A327-480E-9B60-68458A59734C}"
	ProjectSection(SolutionItems) = preProject
		Console1\obj\Debug\Console1.pot = Console1\obj\Debug\Console1.pot
		Lib1\obj\Debug\Lib1.pot = Lib1\obj\Debug\Lib1.pot
		Lib2\obj\Debug\Lib2.pot = Lib2\obj\Debug\Lib2.pot
	EndProjectSection
EndProject
Project("{FAE04EC0-301F-11D3-BF4B-00C04F79EFBC}") = "PoResourceMock", "..\..\..\zou.mock\PoResourceMock\PoResourceMock.csproj", "{604CAB88-646D-4917-A71F-C7C251A107C1}"
EndProject
Global
	GlobalSection(SolutionConfigurationPlatforms) = preSolution
		Debug|Any CPU = Debug|Any CPU
		Debug|x64 = Debug|x64
		Debug|x86 = Debug|x86
		Release|Any CPU = Release|Any CPU
		Release|x64 = Release|x64
		Release|x86 = Release|x86
	EndGlobalSection
	GlobalSection(ProjectConfigurationPlatforms) = postSolution
		{3F279EAC-59F1-4B6C-AEB4-E455F7AA705F}.Debug|Any CPU.ActiveCfg = Debug|Any CPU
		{3F279EAC-59F1-4B6C-AEB4-E455F7AA705F}.Debug|Any CPU.Build.0 = Debug|Any CPU
		{3F279EAC-59F1-4B6C-AEB4-E455F7AA705F}.Debug|x64.ActiveCfg = Debug|x64
		{3F279EAC-59F1-4B6C-AEB4-E455F7AA705F}.Debug|x64.Build.0 = Debug|x64
		{3F279EAC-59F1-4B6C-AEB4-E455F7AA705F}.Debug|x86.ActiveCfg = Debug|x86
		{3F279EAC-59F1-4B6C-AEB4-E455F7AA705F}.Debug|x86.Build.0 = Debug|x86
		{3F279EAC-59F1-4B6C-AEB4-E455F7AA705F}.Release|Any CPU.ActiveCfg = Release|Any CPU
		{3F279EAC-59F1-4B6C-AEB4-E455F7AA705F}.Release|Any CPU.Build.0 = Release|Any CPU
		{3F279EAC-59F1-4B6C-AEB4-E455F7AA705F}.Release|x64.ActiveCfg = Release|x64
		{3F279EAC-59F1-4B6C-AEB4-E455F7AA705F}.Release|x64.Build.0 = Release|x64
		{3F279EAC-59F1-4B6C-AEB4-E455F7AA705F}.Release|x86.ActiveCfg = Release|x86
		{3F279EAC-59F1-4B6C-AEB4-E455F7AA705F}.Release|x86.Build.0 = Release|x86
		{5AE412C2-1407-451B-9BC5-5A0858232827}.Debug|Any CPU.ActiveCfg = Debug|Any CPU
		{5AE412C2-1407-451B-9BC5-5A0858232827}.Debug|Any CPU.Build.0 = Debug|Any CPU
		{5AE412C2-1407-451B-9BC5-5A0858232827}.Debug|x64.ActiveCfg = Debug|x64
		{5AE412C2-1407-451B-9BC5-5A0858232827}.Debug|x64.Build.0 = Debug|x64
		{5AE412C2-1407-451B-9BC5-5A0858232827}.Debug|x86.ActiveCfg = Debug|x86
		{5AE412C2-1407-451B-9BC5-5A0858232827}.Debug|x86.Build.0 = Debug|x86
		{5AE412C2-1407-451B-9BC5-5A0858232827}.Release|Any CPU.ActiveCfg = Release|Any CPU
		{5AE412C2-1407-451B-9BC5-5A0858232827}.Release|Any CPU.Build.0 = Release|Any CPU
		{5AE412C2-1407-451B-9BC5-5A0858232827}.Release|x64.ActiveCfg = Release|x64
		{5AE412C2-1407-451B-9BC5-5A0858232827}.Release|x64.Build.0 = Release|x64
		{5AE412C2-1407-451B-9BC5-5A0858232827}.Release|x86.ActiveCfg = Release|x86
		{5AE412C2-1407-451B-9BC5-5A0858232827}.Release|x86.Build.0 = Release|x86
		{23A7EB83-5423-4CDC-9F26-8CD842F35833}.Debug|Any CPU.ActiveCfg = Debug|Any CPU
		{23A7EB83-5423-4CDC-9F26-8CD842F35833}.Debug|Any CPU.Build.0 = Debug|Any CPU
		{23A7EB83-5423-4CDC-9F26-8CD842F35833}.Debug|x64.ActiveCfg = Debug|x64
		{23A7EB83-5423-4CDC-9F26-8CD842F35833}.Debug|x64.Build.0 = Debug|x64
		{23A7EB83-5423-4CDC-9F26-8CD842F35833}.Debug|x86.ActiveCfg = Debug|x86
		{23A7EB83-5423-4CDC-9F26-8CD842F35833}.Debug|x86.Build.0 = Debug|x86
		{23A7EB83-5423-4CDC-9F26-8CD842F35833}.Release|Any CPU.ActiveCfg = Release|Any CPU
		{23A7EB83-5423-4CDC-9F26-8CD842F35833}.Release|Any CPU.Build.0 = Release|Any CPU
		{23A7EB83-5423-4CDC-9F26-8CD842F35833}.Release|x64.ActiveCfg = Release|x64
		{23A7EB83-5423-4CDC-9F26-8CD842F35833}.Release|x64.Build.0 = Release|x64
		{23A7EB83-5423-4CDC-9F26-8CD842F35833}.Release|x86.ActiveCfg = Release|x86
		{23A7EB83-5423-4CDC-9F26-8CD842F35833}.Release|x86.Build.0 = Release|x86
		{DE681D0E-EFEB-4996-9840-05CDE8932EF1}.Debug|Any CPU.ActiveCfg = Debug|Any CPU
		{DE681D0E-EFEB-4996-9840-05CDE8932EF1}.Debug|Any CPU.Build.0 = Debug|Any CPU
		{DE681D0E-EFEB-4996-9840-05CDE8932EF1}.Debug|x64.ActiveCfg = Debug|Any CPU
		{DE681D0E-EFEB-4996-9840-05CDE8932EF1}.Debug|x64.Build.0 = Debug|Any CPU
		{DE681D0E-EFEB-4996-9840-05CDE8932EF1}.Debug|x86.ActiveCfg = Debug|Any CPU
		{DE681D0E-EFEB-4996-9840-05CDE8932EF1}.Debug|x86.Build.0 = Debug|Any CPU
		{DE681D0E-EFEB-4996-9840-05CDE8932EF1}.Release|Any CPU.ActiveCfg = Release|Any CPU
		{DE681D0E-EFEB-4996-9840-05CDE8932EF1}.Release|Any CPU.Build.0 = Release|Any CPU
		{DE681D0E-EFEB-4996-9840-05CDE8932EF1}.Release|x64.ActiveCfg = Release|Any CPU
		{DE681D0E-EFEB-4996-9840-05CDE8932EF1}.Release|x64.Build.0 = Release|Any CPU
		{DE681D0E-EFEB-4996-9840-05CDE8932EF1}.Release|x86.ActiveCfg = Release|Any CPU
		{DE681D0E-EFEB-4996-9840-05CDE8932EF1}.Release|x86.Build.0 = Release|Any CPU
		{604CAB88-646D-4917-A71F-C7C251A107C1}.Debug|Any CPU.ActiveCfg = Debug|Any CPU
		{604CAB88-646D-4917-A71F-C7C251A107C1}.Debug|Any CPU.Build.0 = Debug|Any CPU
		{604CAB88-646D-4917-A71F-C7C251A107C1}.Debug|x64.ActiveCfg = Debug|x64
		{604CAB88-646D-4917-A71F-C7C251A107C1}.Debug|x64.Build.0 = Debug|x64
		{604CAB88-646D-4917-A71F-C7C251A107C1}.Debug|x86.ActiveCfg = Debug|x86
		{604CAB88-646D-4917-A71F-C7C251A107C1}.Debug|x86.Build.0 = Debug|x86
		{604CAB88-646D-4917-A71F-C7C251A107C1}.Release|Any CPU.ActiveCfg = Release|Any CPU
		{604CAB88-646D-4917-A71F-C7C251A107C1}.Release|Any CPU.Build.0 = Release|Any CPU
		{604CAB88-646D-4917-A71F-C7C251A107C1}.Release|x64.ActiveCfg = Release|x64
		{604CAB88-646D-4917-A71F-C7C251A107C1}.Release|x64.Build.0 = Release|x64
		{604CAB88-646D-4917-A71F-C7C251A107C1}.Release|x86.ActiveCfg = Release|x86
		{604CAB88-646D-4917-A71F-C7C251A107C1}.Release|x86.Build.0 = Release|x86
	EndGlobalSection
	GlobalSection(SolutionProperties) = preSolution
		HideSolutionNode = FALSE
	EndGlobalSection
	GlobalSection(NestedProjects) = preSolution
		{EF1C7FE3-07C1-4A21-BE0E-853DD7CA2FE6} = {2A783EC2-E468-4AEC-AEBA-06D266729BDF}
		{7CD90122-0817-48F5-A490-18965FC20E21} = {2A783EC2-E468-4AEC-AEBA-06D266729BDF}
		{33E2F663-5240-4D19-947B-8912D70A4DE1} = {65DFF797-E53C-41F6-AAD9-892AED18E63B}
		{B4CAAA12-A327-480E-9B60-68458A59734C} = {65DFF797-E53C-41F6-AAD9-892AED18E63B}
	EndGlobalSection
EndGlobal
